
Microsoft Visual Studio Solution File, Format Version 12.00
# Visual Studio 15
VisualStudioVersion = 15.0.27703.2042
MinimumVisualStudioVersion = 10.0.40219.1
Project("{F184B08F-C81C-45F6-A57F-5ABD9991F28F}") = "SightWordDecks", "SightWordDecks\SightWordDecks.vbproj", "{129B6ABF-602F-4F7D-BAED-CD7864EA880F}"
EndProject
Global
	GlobalSection(SolutionConfigurationPlatforms) = preSolution
		Debug|ARM = Debug|ARM
		Debug|x64 = Debug|x64
		Debug|x86 = Debug|x86
		Release|ARM = Release|ARM
		Release|x64 = Release|x64
		Release|x86 = Release|x86
	EndGlobalSection
	GlobalSection(ProjectConfigurationPlatforms) = postSolution
		{129B6ABF-602F-4F7D-BAED-CD7864EA880F}.Debug|ARM.ActiveCfg = Debug|ARM
		{129B6ABF-602F-4F7D-BAED-CD7864EA880F}.Debug|ARM.Build.0 = Debug|ARM
		{129B6ABF-602F-4F7D-BAED-CD7864EA880F}.Debug|ARM.Deploy.0 = Debug|ARM
		{129B6ABF-602F-4F7D-BAED-CD7864EA880F}.Debug|x64.ActiveCfg = Debug|x64
		{129B6ABF-602F-4F7D-BAED-CD7864EA880F}.Debug|x64.Build.0 = Debug|x64
		{129B6ABF-602F-4F7D-BAED-CD7864EA880F}.Debug|x64.Deploy.0 = Debug|x64
		{129B6ABF-602F-4F7D-BAED-CD7864EA880F}.Debug|x86.ActiveCfg = Debug|x86
		{129B6ABF-602F-4F7D-BAED-CD7864EA880F}.Debug|x86.Build.0 = Debug|x86
		{129B6ABF-602F-4F7D-BAED-CD7864EA880F}.Debug|x86.Deploy.0 = Debug|x86
		{129B6ABF-602F-4F7D-BAED-CD7864EA880F}.Release|ARM.ActiveCfg = Release|ARM
		{129B6ABF-602F-4F7D-BAED-CD7864EA880F}.Release|ARM.Build.0 = Release|ARM
		{129B6ABF-602F-4F7D-BAED-CD7864EA880F}.Release|ARM.Deploy.0 = Release|ARM
		{129B6ABF-602F-4F7D-BAED-CD7864EA880F}.Release|x64.ActiveCfg = Release|x64
		{129B6ABF-602F-4F7D-BAED-CD7864EA880F}.Release|x64.Build.0 = Release|x64
		{129B6ABF-602F-4F7D-BAED-CD7864EA880F}.Release|x64.Deploy.0 = Release|x64
		{129B6ABF-602F-4F7D-BAED-CD7864EA880F}.Release|x86.ActiveCfg = Release|x86
		{129B6ABF-602F-4F7D-BAED-CD7864EA880F}.Release|x86.Build.0 = Release|x86
		{129B6ABF-602F-4F7D-BAED-CD7864EA880F}.Release|x86.Deploy.0 = Release|x86
	EndGlobalSection
	GlobalSection(SolutionProperties) = preSolution
		HideSolutionNode = FALSE
	EndGlobalSection
	GlobalSection(ExtensibilityGlobals) = postSolution
		SolutionGuid = {9D2B20D2-F971-43CA-AD0A-9EF4EC25E723}
	EndGlobalSection
EndGlobal
